# THIS IS AN AUTOGENERATED FILE. DO NOT EDIT THIS FILE DIRECTLY.
# yarn lockfile v1


"@turf/bearing@^5.1.5":
  version "5.1.5"
  resolved "https://registry.yarnpkg.com/@turf/bearing/-/bearing-5.1.5.tgz#7a0b790136c4ef4797f0246305d45cbe2d27b3f7"
  integrity sha1-egt5ATbE70eX8CRjBdRcvi0ns/c=
  dependencies:
    "@turf/helpers" "^5.1.5"
    "@turf/invariant" "^5.1.5"

"@turf/destination@^5.1.5":
  version "5.1.5"
  resolved "https://registry.yarnpkg.com/@turf/destination/-/destination-5.1.5.tgz#ed35381bdce83bbddcbd07a2e2bce2bddffbcc26"
  integrity sha1-7TU4G9zoO73cvQei4rzivd/7zCY=
  dependencies:
    "@turf/helpers" "^5.1.5"
    "@turf/invariant" "^5.1.5"

"@turf/distance@6.x":
  version "6.0.1"
  resolved "https://registry.yarnpkg.com/@turf/distance/-/distance-6.0.1.tgz#0761f28784286e7865a427c4e7e3593569c2dea8"
  integrity sha512-q7t7rWIWfkg7MP1Vt4uLjSEhe5rPfCO2JjpKmk7JC+QZKEQkuvHEqy3ejW1iC7Kw5ZcZNR3qdMGGz+6HnVwqvg==
  dependencies:
    "@turf/helpers" "6.x"
    "@turf/invariant" "6.x"

"@turf/distance@^5.1.5":
  version "5.1.5"
  resolved "https://registry.yarnpkg.com/@turf/distance/-/distance-5.1.5.tgz#39cf18204bbf87587d707e609a60118909156409"
  integrity sha1-Oc8YIEu/h1h9cH5gmmARiQkVZAk=
  dependencies:
    "@turf/helpers" "^5.1.5"
    "@turf/invariant" "^5.1.5"

"@turf/helpers@*", "@turf/helpers@6.x", "@turf/helpers@^6.1.4":
  version "6.1.4"
  resolved "https://registry.yarnpkg.com/@turf/helpers/-/helpers-6.1.4.tgz#d6fd7ebe6782dd9c87dca5559bda5c48ae4c3836"
  integrity sha512-vJvrdOZy1ngC7r3MDA7zIGSoIgyrkWcGnNIEaqn/APmw+bVLF2gAW7HIsdTxd12s5wQMqEpqIQrmrbRRZ0xC7g==

"@turf/helpers@^5.1.5":
  version "5.1.5"
  resolved "https://registry.yarnpkg.com/@turf/helpers/-/helpers-5.1.5.tgz#153405227ab933d004a5bb9641a9ed999fcbe0cf"
  integrity sha1-FTQFInq5M9AEpbuWQantmZ/L4M8=

"@turf/invariant@6.x":
  version "6.1.2"
  resolved "https://registry.yarnpkg.com/@turf/invariant/-/invariant-6.1.2.tgz#6013ed6219f9ac2edada9b31e1dfa5918eb0a2f7"
  integrity sha512-WU08Ph8j0J2jVGlQCKChXoCtI50BB3yEH21V++V0T4cR1T27HKCxkehV2sYMwTierfMBgjwSwDIsxnR4/2mWXg==
  dependencies:
    "@turf/helpers" "6.x"

"@turf/invariant@^5.1.5":
  version "5.2.0"
  resolved "https://registry.yarnpkg.com/@turf/invariant/-/invariant-5.2.0.tgz#f0150ff7290b38577b73d088b7932c1ee0aa90a7"
  integrity sha1-8BUP9ykLOFd7c9CIt5MsHuCqkKc=
  dependencies:
    "@turf/helpers" "^5.1.5"

"@turf/length@^6.0.2":
  version "6.0.2"
  resolved "https://registry.yarnpkg.com/@turf/length/-/length-6.0.2.tgz#22d91a6d0174e862a3614865613f1aceb1162dac"
  integrity sha512-nyfXMowVtX2dICEG7u7EGC2SMaauVUWIMc9eWQrEauNA/9aw+7wbiuip4GPBoyeXEUUekF0EOjJn5aB9Zc8CzA==
  dependencies:
    "@turf/distance" "6.x"
    "@turf/helpers" "6.x"
    "@turf/meta" "6.x"

"@turf/line-intersect@^5.1.5":
  version "5.1.5"
  resolved "https://registry.yarnpkg.com/@turf/line-intersect/-/line-intersect-5.1.5.tgz#0e29071ae403295e491723bc49f5cfac8d11ddf3"
  integrity sha1-DikHGuQDKV5JFyO8SfXPrI0R3fM=
  dependencies:
    "@turf/helpers" "^5.1.5"
    "@turf/invariant" "^5.1.5"
    "@turf/line-segment" "^5.1.5"
    "@turf/meta" "^5.1.5"
    geojson-rbush "2.1.0"

"@turf/line-segment@^5.1.5":
  version "5.1.5"
  resolved "https://registry.yarnpkg.com/@turf/line-segment/-/line-segment-5.1.5.tgz#3207aaee546ab24c3d8dc3cc63f91c770b8013e5"
  integrity sha1-Mgeq7lRqskw9jcPMY/kcdwuAE+U=
  dependencies:
    "@turf/helpers" "^5.1.5"
    "@turf/invariant" "^5.1.5"
    "@turf/meta" "^5.1.5"

"@turf/line-slice@^5.1.5":
  version "5.1.5"
  resolved "https://registry.yarnpkg.com/@turf/line-slice/-/line-slice-5.1.5.tgz#1ecfce1462a378579754cedf4464cde26829f2b5"
  integrity sha1-Hs/OFGKjeFeXVM7fRGTN4mgp8rU=
  dependencies:
    "@turf/helpers" "^5.1.5"
    "@turf/invariant" "^5.1.5"
    "@turf/nearest-point-on-line" "^5.1.5"

"@turf/meta@*", "@turf/meta@6.x":
  version "6.0.2"
  resolved "https://registry.yarnpkg.com/@turf/meta/-/meta-6.0.2.tgz#eb92951126d24a613ac1b7b99d733fcc20fd30cf"
  integrity sha512-VA7HJkx7qF1l3+GNGkDVn2oXy4+QoLP6LktXAaZKjuT1JI0YESat7quUkbCMy4zP9lAUuvS4YMslLyTtr919FA==
  dependencies:
    "@turf/helpers" "6.x"

"@turf/meta@^5.1.5":
  version "5.2.0"
  resolved "https://registry.yarnpkg.com/@turf/meta/-/meta-5.2.0.tgz#3b1ad485ee0c3b0b1775132a32c384d53e4ba53d"
  integrity sha1-OxrUhe4MOwsXdRMqMsOE1T5LpT0=
  dependencies:
    "@turf/helpers" "^5.1.5"

"@turf/nearest-point-on-line@^5.1.5":
  version "5.1.5"
  resolved "https://registry.yarnpkg.com/@turf/nearest-point-on-line/-/nearest-point-on-line-5.1.5.tgz#5606ae297f15947524bea51a2a9ef51ec1bf9c36"
  integrity sha1-VgauKX8VlHUkvqUaKp71HsG/nDY=
  dependencies:
    "@turf/bearing" "^5.1.5"
    "@turf/destination" "^5.1.5"
    "@turf/distance" "^5.1.5"
    "@turf/helpers" "^5.1.5"
    "@turf/invariant" "^5.1.5"
    "@turf/line-intersect" "^5.1.5"
    "@turf/meta" "^5.1.5"

aws-sdk@^2.422.0:
  version "2.422.0"
  resolved "https://registry.yarnpkg.com/aws-sdk/-/aws-sdk-2.422.0.tgz#d875ca4098ced6f47d466f4c7addf8a79332651f"
  integrity sha512-t/hUQcRVhbw3EPS84d7YqwIAMSXHT5V/s6m0ivgLjIXnzRng0qRD1KGTkoLkXnY+X/o/NdvVIIfLfO4VF8xqMw==
  dependencies:
    buffer "4.9.1"
    events "1.1.1"
    ieee754 "1.1.8"
    jmespath "0.15.0"
    querystring "0.2.0"
    sax "1.2.1"
    url "0.10.3"
    uuid "3.3.2"
    xml2js "0.4.19"

base64-js@^1.0.2:
  version "1.3.0"
  resolved "https://registry.yarnpkg.com/base64-js/-/base64-js-1.3.0.tgz#cab1e6118f051095e58b5281aea8c1cd22bfc0e3"
  integrity sha512-ccav/yGvoa80BQDljCxsmmQ3Xvx60/UpBIij5QN21W3wBi/hhIC9OoO+KLpu9IJTS9j4DRVJ3aDDF9cMSoa2lw==

bluebird@^3.5.3:
  version "3.5.3"
  resolved "https://registry.yarnpkg.com/bluebird/-/bluebird-3.5.3.tgz#7d01c6f9616c9a51ab0f8c549a79dfe6ec33efa7"
  integrity sha512-/qKPUQlaW1OyR51WeCPBvRnAlnZFUJkCSG5HzGnuIqhgyJtF+T94lFnn33eiazjRm2LAHVy2guNnaq48X9SJuw==

buffer@4.9.1:
  version "4.9.1"
  resolved "https://registry.yarnpkg.com/buffer/-/buffer-4.9.1.tgz#6d1bb601b07a4efced97094132093027c95bc298"
  integrity sha1-bRu2AbB6TvztlwlBMgkwJ8lbwpg=
  dependencies:
    base64-js "^1.0.2"
    ieee754 "^1.1.4"
    isarray "^1.0.0"

deep-diff@^1.0.2:
  version "1.0.2"
  resolved "https://registry.yarnpkg.com/deep-diff/-/deep-diff-1.0.2.tgz#afd3d1f749115be965e89c63edc7abb1506b9c26"
  integrity sha512-aWS3UIVH+NPGCD1kki+DCU9Dua032iSsO43LqQpcs4R3+dVv7tX0qBGjiVHJHjplsoUM2XRO/KB92glqc68awg==

encoding@^0.1.11:
  version "0.1.12"
  resolved "https://registry.yarnpkg.com/encoding/-/encoding-0.1.12.tgz#538b66f3ee62cd1ab51ec323829d1f9480c74beb"
  integrity sha1-U4tm8+5izRq1HsMjgp0flIDHS+s=
  dependencies:
    iconv-lite "~0.4.13"

events@1.1.1:
  version "1.1.1"
  resolved "https://registry.yarnpkg.com/events/-/events-1.1.1.tgz#9ebdb7635ad099c70dcc4c2a1f5004288e8bd924"
  integrity sha1-nr23Y1rQmccNzEwqH1AEKI6L2SQ=

geojson-rbush@2.1.0:
  version "2.1.0"
  resolved "https://registry.yarnpkg.com/geojson-rbush/-/geojson-rbush-2.1.0.tgz#3bd73be391fc10b0ae693d9b8acea2aae0b83a8d"
  integrity sha1-O9c745H8ELCuaT2bis6iquC4Oo0=
  dependencies:
    "@turf/helpers" "*"
    "@turf/meta" "*"
    rbush "*"

iconv-lite@~0.4.13:
  version "0.4.24"
  resolved "https://registry.yarnpkg.com/iconv-lite/-/iconv-lite-0.4.24.tgz#2022b4b25fbddc21d2f524974a474aafe733908b"
  integrity sha512-v3MXnZAcvnywkTUEZomIActle7RXXeedOR31wwl7VlyoXO4Qi9arvSenNQWne1TcRwhCL1HwLI21bEqdpj8/rA==
  dependencies:
    safer-buffer ">= 2.1.2 < 3"

ieee754@1.1.8:
  version "1.1.8"
  resolved "https://registry.yarnpkg.com/ieee754/-/ieee754-1.1.8.tgz#be33d40ac10ef1926701f6f08a2d86fbfd1ad3e4"
  integrity sha1-vjPUCsEO8ZJnAfbwii2G+/0a0+Q=

ieee754@^1.1.4:
  version "1.1.12"
  resolved "https://registry.yarnpkg.com/ieee754/-/ieee754-1.1.12.tgz#50bf24e5b9c8bb98af4964c941cdb0918da7b60b"
  integrity sha512-GguP+DRY+pJ3soyIiGPTvdiVXjZ+DbXOxGpXn3eMvNW4x4irjqXm4wHKscC+TfxSJ0yw/S1F24tqdMNsMZTiLA==

is-stream@^1.0.1:
  version "1.1.0"
  resolved "https://registry.yarnpkg.com/is-stream/-/is-stream-1.1.0.tgz#12d4a3dd4e68e0b79ceb8dbc84173ae80d91ca44"
  integrity sha1-EtSj3U5o4Lec6428hBc66A2RykQ=

isarray@^1.0.0:
  version "1.0.0"
  resolved "https://registry.yarnpkg.com/isarray/-/isarray-1.0.0.tgz#bb935d48582cba168c06834957a54a3e07124f11"
  integrity sha1-u5NdSFgsuhaMBoNJV6VKPgcSTxE=

isomorphic-fetch@^2.2.1:
  version "2.2.1"
  resolved "https://registry.yarnpkg.com/isomorphic-fetch/-/isomorphic-fetch-2.2.1.tgz#611ae1acf14f5e81f729507472819fe9733558a9"
  integrity sha1-YRrhrPFPXoH3KVB0coGf6XM1WKk=
  dependencies:
    node-fetch "^1.0.1"
    whatwg-fetch ">=0.10.0"

jmespath@0.15.0:
  version "0.15.0"
  resolved "https://registry.yarnpkg.com/jmespath/-/jmespath-0.15.0.tgz#a3f222a9aae9f966f5d27c796510e28091764217"
  integrity sha1-o/Iiqarp+Wb10nx5ZRDigJF2Qhc=

lodash.setwith@^4.3.2:
  version "4.3.2"
  resolved "https://registry.yarnpkg.com/lodash.setwith/-/lodash.setwith-4.3.2.tgz#1bcc057e62d90f5a6b9b9470ae2ab9d89edd8e6f"
  integrity sha1-G8wFfmLZD1prm5Rwriq52J7djm8=

node-fetch@^1.0.1:
  version "1.7.3"
  resolved "https://registry.yarnpkg.com/node-fetch/-/node-fetch-1.7.3.tgz#980f6f72d85211a5347c6b2bc18c5b84c3eb47ef"
  integrity sha512-NhZ4CsKx7cYm2vSrBAr2PvFOe6sWDf0UYLRqA6svUYg7+/TSfVAu49jYC4BvQ4Sms9SZgdqGBgroqfDhJdTyKQ==
  dependencies:
    encoding "^0.1.11"
    is-stream "^1.0.1"

punycode@1.3.2:
  version "1.3.2"
  resolved "https://registry.yarnpkg.com/punycode/-/punycode-1.3.2.tgz#9653a036fb7c1ee42342f2325cceefea3926c48d"
  integrity sha1-llOgNvt8HuQjQvIyXM7v6jkmxI0=

querystring@0.2.0:
  version "0.2.0"
  resolved "https://registry.yarnpkg.com/querystring/-/querystring-0.2.0.tgz#b209849203bb25df820da756e747005878521620"
  integrity sha1-sgmEkgO7Jd+CDadW50cAWHhSFiA=

quickselect@^1.0.1:
  version "1.1.1"
  resolved "https://registry.yarnpkg.com/quickselect/-/quickselect-1.1.1.tgz#852e412ce418f237ad5b660d70cffac647ae94c2"
  integrity sha512-qN0Gqdw4c4KGPsBOQafj6yj/PA6c/L63f6CaZ/DCF/xF4Esu3jVmKLUDYxghFx8Kb/O7y9tI7x2RjTSXwdK1iQ==

ramda@^0.26.1:
  version "0.26.1"
  resolved "https://registry.yarnpkg.com/ramda/-/ramda-0.26.1.tgz#8d41351eb8111c55353617fc3bbffad8e4d35d06"
  integrity sha512-hLWjpy7EnsDBb0p+Z3B7rPi3GDeRG5ZtiI33kJhTt+ORCd38AbAIjB/9zRIUoeTbE/AVX5ZkU7m6bznsvrf8eQ==

rbush@*:
  version "2.0.2"
  resolved "https://registry.yarnpkg.com/rbush/-/rbush-2.0.2.tgz#bb6005c2731b7ba1d5a9a035772927d16a614605"
  integrity sha512-XBOuALcTm+O/H8G90b6pzu6nX6v2zCKiFG4BJho8a+bY6AER6t8uQUZdi5bomQc0AprCWhEGa7ncAbbRap0bRA==
  dependencies:
    quickselect "^1.0.1"

"safer-buffer@>= 2.1.2 < 3":
  version "2.1.2"
  resolved "https://registry.yarnpkg.com/safer-buffer/-/safer-buffer-2.1.2.tgz#44fa161b0187b9549dd84bb91802f9bd8385cd6a"
  integrity sha512-YZo3K82SD7Riyi0E1EQPojLz7kpepnSQI9IyPbHHg1XXXevb5dJI7tpyN2ADxGcQbHG7vcyRHk0cbwqcQriUtg==

sax@1.2.1:
  version "1.2.1"
  resolved "https://registry.yarnpkg.com/sax/-/sax-1.2.1.tgz#7b8e656190b228e81a66aea748480d828cd2d37a"
  integrity sha1-e45lYZCyKOgaZq6nSEgNgozS03o=

sax@>=0.6.0:
  version "1.2.4"
  resolved "https://registry.yarnpkg.com/sax/-/sax-1.2.4.tgz#2816234e2378bddc4e5354fab5caa895df7100d9"
  integrity sha512-NqVDv9TpANUjFm0N8uM5GxL36UgKi9/atZw+x7YFnQ8ckwFGKrl4xX4yWtrey3UJm5nP1kUbnYgLopqWNSRhWw==

url@0.10.3:
  version "0.10.3"
  resolved "https://registry.yarnpkg.com/url/-/url-0.10.3.tgz#021e4d9c7705f21bbf37d03ceb58767402774c64"
  integrity sha1-Ah5NnHcF8hu/N9A861h2dAJ3TGQ=
  dependencies:
    punycode "1.3.2"
    querystring "0.2.0"

uuid@3.3.2:
  version "3.3.2"
  resolved "https://registry.yarnpkg.com/uuid/-/uuid-3.3.2.tgz#1b4af4955eb3077c501c23872fc6513811587131"
  integrity sha512-yXJmeNaw3DnnKAOKJE51sL/ZaYfWJRl1pK9dr19YFCu0ObS231AB1/LbqTKRAQ5kw8A90rA6fr4riOUpTZvQZA==

whatwg-fetch@>=0.10.0:
  version "3.0.0"
  resolved "https://registry.yarnpkg.com/whatwg-fetch/-/whatwg-fetch-3.0.0.tgz#fc804e458cc460009b1a2b966bc8817d2578aefb"
  integrity sha512-9GSJUgz1D4MfyKU7KRqwOjXCXTqWdFNvEr7eUBYchQiVc744mqK/MzXPNR2WsPkmkOa4ywfg8C2n8h+13Bey1Q==

xml2js@0.4.19:
  version "0.4.19"
  resolved "https://registry.yarnpkg.com/xml2js/-/xml2js-0.4.19.tgz#686c20f213209e94abf0d1bcf1efaa291c7827a7"
  integrity sha512-esZnJZJOiJR9wWKMyuvSE1y6Dq5LCuJanqhxslH2bxM6duahNZ+HMpCLhBQGZkbX6xRf8x1Y2eJlgt2q3qo49Q==
  dependencies:
    sax ">=0.6.0"
    xmlbuilder "~9.0.1"

xmlbuilder@~9.0.1:
  version "9.0.7"
  resolved "https://registry.yarnpkg.com/xmlbuilder/-/xmlbuilder-9.0.7.tgz#132ee63d2ec5565c557e20f4c22df9aca686b10d"
  integrity sha1-Ey7mPS7FVlxVfiD0wi35rKaGsQ0=
